// !$*UTF8*$!
{
	archiveVersion = 1;
	classes = {
	};
	objectVersion = 46;
	objects = {

/* Begin PBXBuildFile section */
		FBD11A5C1E7B6D5A00A34E42 /* AppDelegate.swift in Sources */ = {isa = PBXBuildFile; fileRef = FBD11A5B1E7B6D5A00A34E42 /* AppDelegate.swift */; };
		FBD11A5E1E7B6D5A00A34E42 /* ViewController.swift in Sources */ = {isa = PBXBuildFile; fileRef = FBD11A5D1E7B6D5A00A34E42 /* ViewController.swift */; };
		FBD11A611E7B6D5A00A34E42 /* Main.storyboard in Resources */ = {isa = PBXBuildFile; fileRef = FBD11A5F1E7B6D5A00A34E42 /* Main.storyboard */; };
		FBD11A631E7B6D5A00A34E42 /* Assets.xcassets in Resources */ = {isa = PBXBuildFile; fileRef = FBD11A621E7B6D5A00A34E42 /* Assets.xcassets */; };
		FBD11A661E7B6D5A00A34E42 /* LaunchScreen.storyboard in Resources */ = {isa = PBXBuildFile; fileRef = FBD11A641E7B6D5A00A34E42 /* LaunchScreen.storyboard */; };
/* End PBXBuildFile section */

/* Begin PBXFileReference section */
		FBD11A581E7B6D5A00A34E42 /* Clase1603.app */ = {isa = PBXFileReference; explicitFileType = wrapper.application; includeInIndex = 0; path = Clase1603.app; sourceTree = BUILT_PRODUCTS_DIR; };
		FBD11A5B1E7B6D5A00A34E42 /* AppDelegate.swift */ = {isa = PBXFileReference; lastKnownFileType = sourcecode.swift; path = AppDelegate.swift; sourceTree = "<group>"; };
		FBD11A5D1E7B6D5A00A34E42 /* ViewController.swift */ = {isa = PBXFileReference; lastKnownFileType = sourcecode.swift; path = ViewController.swift; sourceTree = "<group>"; };
		FBD11A601E7B6D5A00A34E42 /* Base */ = {isa = PBXFileReference; lastKnownFileType = file.storyboard; name = Base; path = Base.lproj/Main.storyboard; sourceTree = "<group>"; };
		FBD11A621E7B6D5A00A34E42 /* Assets.xcassets */ = {isa = PBXFileReference; lastKnownFileType = folder.assetcatalog; path = Assets.xcassets; sourceTree = "<group>"; };
		FBD11A651E7B6D5A00A34E42 /* Base */ = {isa = PBXFileReference; lastKnownFileType = file.storyboard; name = Base; path = Base.lproj/LaunchScreen.storyboard; sourceTree = "<group>"; };
		FBD11A671E7B6D5A00A34E42 /* Info.plist */ = {isa = PBXFileReference; lastKnownFileType = text.plist.xml; path = Info.plist; sourceTree = "<group>"; };
/* End PBXFileReference section */

/* Begin PBXFrameworksBuildPhase section */
		FBD11A551E7B6D5700A34E42 /* Frameworks */ = {
			isa = PBXFrameworksBuildPhase;
			buildActionMask = 2147483647;
			files = (
			);
			runOnlyForDeploymentPostprocessing = 0;
		};
/* End PBXFrameworksBuildPhase section */

/* Begin PBXGroup section */
		FBD11A4F1E7B6D5700A34E42 = {
			isa = PBXGroup;
			children = (
				FBD11A5A1E7B6D5A00A34E42 /* Clase1603 */,
				FBD11A591E7B6D5A00A34E42 /* Products */,
			);
			sourceTree = "<group>";
		};
		FBD11A591E7B6D5A00A34E42 /* Products */ = {
			isa = PBXGroup;
			children = (
				FBD11A581E7B6D5A00A34E42 /* Clase1603.app */,
			);
			name = Products;
			sourceTree = "<group>";
		};
		FBD11A5A1E7B6D5A00A34E42 /* Clase1603 */ = {
			isa = PBXGroup;
			children = (
				FBD11A5B1E7B6D5A00A34E42 /* AppDelegate.swift */,
				FBD11A5D1E7B6D5A00A34E42 /* ViewController.swift */,
				FBD11A5F1E7B6D5A00A34E42 /* Main.storyboard */,
				FBD11A621E7B6D5A00A34E42 /* Assets.xcassets */,
				FBD11A641E7B6D5A00A34E42 /* LaunchScreen.storyboard */,
				FBD11A671E7B6D5A00A34E42 /* Info.plist */,
			);
			path = Clase1603;
			sourceTree = "<group>";
		};
/* End PBXGroup section */

/* Begin PBXNativeTarget section */
		FBD11A571E7B6D5700A34E42 /* Clase1603 */ = {
			isa = PBXNativeTarget;
			buildConfigurationList = FBD11A6A1E7B6D5A00A34E42 /* Build configuration list for PBXNativeTarget "Clase1603" */;
			buildPhases = (
				FBD11A541E7B6D5700A34E42 /* Sources */,
				FBD11A551E7B6D5700A34E42 /* Frameworks */,
				FBD11A561E7B6D5700A34E42 /* Resources */,
			);
			buildRules = (
			);
			dependencies = (
			);
			name = Clase1603;
			productName = Clase1603;
			productReference = FBD11A581E7B6D5A00A34E42 /* Clase1603.app */;
			productType = "com.apple.product-type.application";
		};
/* End PBXNativeTarget section */

/* Begin PBXProject section */
		FBD11A501E7B6D5700A34E42 /* Project object */ = {
			isa = PBXProject;
			attributes = {
				LastSwiftUpdateCheck = 0800;
				LastUpgradeCheck = 0800;
				ORGANIZATIONNAME = "Jorge Limo";
				TargetAttributes = {
					FBD11A571E7B6D5700A34E42 = {
						CreatedOnToolsVersion = 8.0;
						ProvisioningStyle = Automatic;
					};
				};
			};
			buildConfigurationList = FBD11A531E7B6D5700A34E42 /* Build configuration list for PBXProject "Clase1603" */;
			compatibilityVersion = "Xcode 3.2";
			developmentRegion = English;
			hasScannedForEncodings = 0;
			knownRegions = (
				en,
				Base,
			);
			mainGroup = FBD11A4F1E7B6D5700A34E42;
			productRefGroup = FBD11A591E7B6D5A00A34E42 /* Products */;
			projectDirPath = "";
			projectRoot = "";
			targets = (
				FBD11A571E7B6D5700A34E42 /* Clase1603 */,
			);
		};
/* End PBXProject section */

/* Begin PBXResourcesBuildPhase section */
		FBD11A561E7B6D5700A34E42 /* Resources */ = {
			isa = PBXResourcesBuildPhase;
			buildActionMask = 2147483647;
			files = (
				FBD11A661E7B6D5A00A34E42 /* LaunchScreen.storyboard in Resources */,
				FBD11A631E7B6D5A00A34E42 /* Assets.xcassets in Resources */,
				FBD11A611E7B6D5A00A34E42 /* Main.storyboard in Resources */,
			);
			runOnlyForDeploymentPostprocessing = 0;
		};
/* End PBXResourcesBuildPhase section */

/* Begin PBXSourcesBuildPhase section */
		FBD11A541E7B6D5700A34E42 /* Sources */ = {
			isa = PBXSourcesBuildPhase;
			buildActionMask = 2147483647;
			files = (
				FBD11A5E1E7B6D5A00A34E42 /* ViewController.swift in Sources */,
				FBD11A5C1E7B6D5A00A34E42 /* AppDelegate.swift in Sources */,
			);
			runOnlyForDeploymentPostprocessing = 0;
		};
/* End PBXSourcesBuildPhase section */

/* Begin PBXVariantGroup section */
		FBD11A5F1E7B6D5A00A34E42 /* Main.storyboard */ = {
			isa = PBXVariantGroup;
			children = (
				FBD11A601E7B6D5A00A34E42 /* Base */,
			);
			name = Main.storyboard;
			sourceTree = "<group>";
		};
		FBD11A641E7B6D5A00A34E42 /* LaunchScreen.storyboard */ = {
			isa = PBXVariantGroup;
			children = (
				FBD11A651E7B6D5A00A34E42 /* Base */,
			);
			name = LaunchScreen.storyboard;
			sourceTree = "<group>";
		};
/* End PBXVariantGroup section */

/* Begin XCBuildConfiguration section */
		FBD11A681E7B6D5A00A34E42 /* Debug */ = {
			isa = XCBuildConfiguration;
			buildSettings = {
				ALWAYS_SEARCH_USER_PATHS = NO;
				CLANG_ANALYZER_NONNULL = YES;
				CLANG_CXX_LANGUAGE_STANDARD = "gnu++0x";
				CLANG_CXX_LIBRARY = "libc++";
				CLANG_ENABLE_MODULES = YES;
				CLANG_ENABLE_OBJC_ARC = YES;
				CLANG_WARN_BOOL_CONVERSION = YES;
				CLANG_WARN_CONSTANT_CONVERSION = YES;
				CLANG_WARN_DIRECT_OBJC_ISA_USAGE = YES_ERROR;
				CLANG_WARN_DOCUMENTATION_COMMENTS = YES;
				CLANG_WARN_EMPTY_BODY = YES;
				CLANG_WARN_ENUM_CONVERSION = YES;
				CLANG_WARN_INFINITE_RECURSION = YES;
				CLANG_WARN_INT_CONVERSION = YES;
				CLANG_WARN_OBJC_ROOT_CLASS = YES_ERROR;
				CLANG_WARN_SUSPICIOUS_MOVES = YES;
				CLANG_WARN_UNREACHABLE_CODE = YES;
				CLANG_WARN__DUPLICATE_METHOD_MATCH = YES;
				"CODE_SIGN_IDENTITY[sdk=iphoneos*]" = "iPhone Developer";
				COPY_PHASE_STRIP = NO;
				DEBUG_INFORMATION_FORMAT = dwarf;
				ENABLE_STRICT_OBJC_MSGSEND = YES;
				ENABLE_TESTABILITY = YES;
				GCC_C_LANGUAGE_STANDARD = gnu99;
				GCC_DYNAMIC_NO_PIC = NO;
				GCC_NO_COMMON_BLOCKS = YES;
				GCC_OPTIMIZATION_LEVEL = 0;
				GCC_PREPROCESSOR_DEFINITIONS = (
					"DEBUG=1",
					"$(inherited)",
				);
				GCC_WARN_64_TO_32_BIT_CONVERSION = YES;
				GCC_WARN_ABOUT_RETURN_TYPE = YES_ERROR;
				GCC_WARN_UNDECLARED_SELECTOR = YES;
				GCC_WARN_UNINITIALIZED_AUTOS = YES_AGGRESSIVE;
				GCC_WARN_UNUSED_FUNCTION = YES;
				GCC_WARN_UNUSED_VARIABLE = YES;
				IPHONEOS_DEPLOYMENT_TARGET = 10.0;
				MTL_ENABLE_DEBUG_INFO = YES;
				ONLY_ACTIVE_ARCH = YES;
				SDKROOT = iphoneos;
				SWIFT_ACTIVE_COMPILATION_CONDITIONS = DEBUG;
				SWIFT_OPTIMIZATION_LEVEL = "-Onone";
				TARGETED_DEVICE_FAMILY = "1,2";
			};
			name = Debug;
		};
		FBD11A691E7B6D5A00A34E42 /* Release */ = {
			isa = XCBuildConfiguration;
			buildSettings = {
				ALWAYS_SEARCH_USER_PATHS = NO;
				CLANG_ANALYZER_NONNULL = YES;
				CLANG_CXX_LANGUAGE_STANDARD = "gnu++0x";
				CLANG_CXX_LIBRARY = "libc++";
				CLANG_ENABLE_MODULES = YES;
				CLANG_ENABLE_OBJC_ARC = YES;
				CLANG_WARN_BOOL_CONVERSION = YES;
				CLANG_WARN_CONSTANT_CONVERSION = YES;
				CLANG_WARN_DIRECT_OBJC_ISA_USAGE = YES_ERROR;
				CLANG_WARN_DOCUMENTATION_COMMENTS = YES;
				CLANG_WARN_EMPTY_BODY = YES;
				CLANG_WARN_ENUM_CONVERSION = YES;
				CLANG_WARN_INFINITE_RECURSION = YES;
				CLANG_WARN_INT_CONVERSION = YES;
				CLANG_WARN_OBJC_ROOT_CLASS = YES_ERROR;
				CLANG_WARN_SUSPICIOUS_MOVES = YES;
				CLANG_WARN_UNREACHABLE_CODE = YES;
				CLANG_WARN__DUPLICATE_METHOD_MATCH = YES;
				"CODE_SIGN_IDENTITY[sdk=iphoneos*]" = "iPhone Developer";
				COPY_PHASE_STRIP = NO;
				DEBUG_INFORMATION_FORMAT = "dwarf-with-dsym";
				ENABLE_NS_ASSERTIONS = NO;
				ENABLE_STRICT_OBJC_MSGSEND = YES;
				GCC_C_LANGUAGE_STANDARD = gnu99;
				GCC_NO_COMMON_BLOCKS = YES;
				GCC_WARN_64_TO_32_BIT_CONVERSION = YES;
				GCC_WARN_ABOUT_RETURN_TYPE = YES_ERROR;
				GCC_WARN_UNDECLARED_SELECTOR = YES;
				GCC_WARN_UNINITIALIZED_AUTOS = YES_AGGRESSIVE;
				GCC_WARN_UNUSED_FUNCTION = YES;
				GCC_WARN_UNUSED_VARIABLE = YES;
				IPHONEOS_DEPLOYMENT_TARGET = 10.0;
				MTL_ENABLE_DEBUG_INFO = NO;
				SDKROOT = iphoneos;
				SWIFT_OPTIMIZATION_LEVEL = "-Owholemodule";
				TARGETED_DEVICE_FAMILY = "1,2";
				VALIDATE_PRODUCT = YES;
			};
			name = Release;
		};
		FBD11A6B1E7B6D5A00A34E42 /* Debug */ = {
			isa = XCBuildConfiguration;
			buildSettings = {
				ASSETCATALOG_COMPILER_APPICON_NAME = AppIcon;
				INFOPLIST_FILE = Clase1603/Info.plist;
				LD_RUNPATH_SEARCH_PATHS = "$(inherited) @executable_path/Frameworks";
				PRODUCT_BUNDLE_IDENTIFIER = pe.ourlimm.Clase1603;
				PRODUCT_NAME = "$(TARGET_NAME)";
				SWIFT_VERSION = 3.0;
			};
			name = Debug;
		};
		FBD11A6C1E7B6D5A00A34E42 /* Release */ = {
			isa = XCBuildConfiguration;
			buildSettings = {
				ASSETCATALOG_COMPILER_APPICON_NAME = AppIcon;
				INFOPLIST_FILE = Clase1603/Info.plist;
				LD_RUNPATH_SEARCH_PATHS = "$(inherited) @executable_path/Frameworks";
				PRODUCT_BUNDLE_IDENTIFIER = pe.ourlimm.Clase1603;
				PRODUCT_NAME = "$(TARGET_NAME)";
				SWIFT_VERSION = 3.0;
			};
			name = Release;
		};
/* End XCBuildConfiguration section */

/* Begin XCConfigurationList section */
		FBD11A531E7B6D5700A34E42 /* Build configuration list for PBXProject "Clase1603" */ = {
			isa = XCConfigurationList;
			buildConfigurations = (
				FBD11A681E7B6D5A00A34E42 /* Debug */,
				FBD11A691E7B6D5A00A34E42 /* Release */,
			);
			defaultConfigurationIsVisible = 0;
			defaultConfigurationName = Release;
		};
		FBD11A6A1E7B6D5A00A34E42 /* Build configuration list for PBXNativeTarget "Clase1603" */ = {
			isa = XCConfigurationList;
			buildConfigurations = (
				FBD11A6B1E7B6D5A00A34E42 /* Debug */,
				FBD11A6C1E7B6D5A00A34E42 /* Release */,
			);
			defaultConfigurationIsVisible = 0;
		};
/* End XCConfigurationList section */
	};
	rootObject = FBD11A501E7B6D5700A34E42 /* Project object */;
}
